{
  "originHash" : "23a7c085dc2982d809b02f29da886aaab1ed59b88d600ff03e40921a0bfd307b",
  "pins" : [
    {
      "identity" : "mmkv",
      "kind" : "remoteSourceControl",
      "location" : "https://github.com/yangkx-1024/MMKV",
      "state" : {
        "branch" : "main",
        "revision" : "b5d4f10520ae304c578389e7beb0e377589b15db"
      }
    }
  ],
  "version" : 3
}
